{
  "version": 4,
  "terraform_version": "1.0.11",
  "serial": 234,
  "lineage": "b0ae921a-44f8-32d0-e2ae-934b3b5ef247",
  "outputs": {
    "haidi_backend_ami_id": {
      "value": "ami-0877f03d05e19b075",
      "type": "string"
    },
    "haidi_backend_ami_name": {
      "value": "haidi-linux-aws",
      "type": "string"
    },
    "haidi_backend_public-ip": {
      "value": "3.65.66.136",
      "type": "string"
    }
  },
  "resources": [
    {
      "mode": "data",
      "type": "aws_ami",
      "name": "haidi-linux-ami",
      "provider": "provider[\"registry.terraform.io/hashicorp/aws\"]",
      "instances": [
        {
          "schema_version": 0,
          "attributes": {
            "architecture": "x86_64",
            "arn": "arn:aws:ec2:eu-central-1::image/ami-0877f03d05e19b075",
            "block_device_mappings": [
              {
                "device_name": "/dev/sda1",
                "ebs": {
                  "delete_on_termination": "true",
                  "encrypted": "false",
                  "iops": "0",
                  "snapshot_id": "snap-0fbd33b2c73221007",
                  "throughput": "0",
                  "volume_size": "8",
                  "volume_type": "gp2"
                },
                "no_device": "",
                "virtual_name": ""
              },
              {
                "device_name": "/dev/sdb",
                "ebs": {},
                "no_device": "",
                "virtual_name": "ephemeral0"
              },
              {
                "device_name": "/dev/sdc",
                "ebs": {},
                "no_device": "",
                "virtual_name": "ephemeral1"
              }
            ],
            "creation_date": "2022-02-02T18:04:04.000Z",
            "description": null,
            "ena_support": true,
            "executable_users": null,
            "filter": [
              {
                "name": "name",
                "values": [
                  "haidi-linux-aws"
                ]
              },
              {
                "name": "virtualization-type",
                "values": [
                  "hvm"
                ]
              }
            ],
            "hypervisor": "xen",
            "id": "ami-0877f03d05e19b075",
            "image_id": "ami-0877f03d05e19b075",
            "image_location": "214138175513/haidi-linux-aws",
            "image_owner_alias": null,
            "image_type": "machine",
            "kernel_id": null,
            "most_recent": true,
            "name": "haidi-linux-aws",
            "name_regex": null,
            "owner_id": "214138175513",
            "owners": [
              "214138175513"
            ],
            "platform": null,
            "platform_details": "Linux/UNIX",
            "product_codes": [],
            "public": false,
            "ramdisk_id": null,
            "root_device_name": "/dev/sda1",
            "root_device_type": "ebs",
            "root_snapshot_id": "snap-0fbd33b2c73221007",
            "sriov_net_support": "simple",
            "state": "available",
            "state_reason": {
              "code": "UNSET",
              "message": "UNSET"
            },
            "tags": {
              "Name": "Packer Builder"
            },
            "usage_operation": "RunInstances",
            "virtualization_type": "hvm"
          },
          "sensitive_attributes": []
        }
      ]
    },
    {
      "mode": "managed",
      "type": "aws_eip",
      "name": "haidi-backend-eip",
      "provider": "provider[\"registry.terraform.io/hashicorp/aws\"]",
      "instances": [
        {
          "schema_version": 0,
          "attributes": {
            "address": null,
            "allocation_id": "eipalloc-0cb78ed41348894ff",
            "associate_with_private_ip": null,
            "association_id": "eipassoc-037f87f7a095ba742",
            "carrier_ip": "",
            "customer_owned_ip": "",
            "customer_owned_ipv4_pool": "",
            "domain": "vpc",
            "id": "eipalloc-0cb78ed41348894ff",
            "instance": "i-07500660d575c8a40",
            "network_border_group": "eu-central-1",
            "network_interface": "eni-001a56ebfc41b1aa1",
            "private_dns": "ip-10-0-0-192.eu-central-1.compute.internal",
            "private_ip": "10.0.0.192",
            "public_dns": "ec2-3-65-66-136.eu-central-1.compute.amazonaws.com",
            "public_ip": "3.65.66.136",
            "public_ipv4_pool": "amazon",
            "tags": null,
            "tags_all": {},
            "timeouts": null,
            "vpc": true
          },
          "sensitive_attributes": [],
          "private": "eyJlMmJmYjczMC1lY2FhLTExZTYtOGY4OC0zNDM2M2JjN2M0YzAiOnsiZGVsZXRlIjoxODAwMDAwMDAwMDAsInJlYWQiOjkwMDAwMDAwMDAwMCwidXBkYXRlIjozMDAwMDAwMDAwMDB9fQ==",
          "dependencies": [
            "aws_iam_instance_profile.haidi-instance-profile",
            "aws_iam_role.haidi-iam-role",
            "aws_instance.haidi-backend-instance",
            "aws_key_pair.deployer",
            "aws_security_group.haidi-sg",
            "aws_subnet.haidi-sn-dmz",
            "aws_vpc.haidi-vpc",
            "data.aws_ami.haidi-linux-ami",
            "module.myip.data.http.ip_address"
          ]
        }
      ]
    },
    {
      "mode": "managed",
      "type": "aws_iam_instance_profile",
      "name": "haidi-instance-profile",
      "provider": "provider[\"registry.terraform.io/hashicorp/aws\"]",
      "instances": [
        {
          "schema_version": 0,
          "attributes": {
            "arn": "arn:aws:iam::214138175513:instance-profile/haidi-instance-profile",
            "create_date": "2022-02-02T18:22:08Z",
            "id": "haidi-instance-profile",
            "name": "haidi-instance-profile",
            "name_prefix": null,
            "path": "/",
            "role": "haidi-iam-role",
            "tags": null,
            "tags_all": {},
            "unique_id": "AIPATDW5BIAMSFPPBTWTT"
          },
          "sensitive_attributes": [],
          "private": "bnVsbA==",
          "dependencies": [
            "aws_iam_role.haidi-iam-role"
          ]
        }
      ]
    },
    {
      "mode": "managed",
      "type": "aws_iam_policy",
      "name": "parser_policy",
      "provider": "provider[\"registry.terraform.io/hashicorp/aws\"]",
      "instances": [
        {
          "schema_version": 0,
          "attributes": {
            "arn": "arn:aws:iam::214138175513:policy/lambda-parser-policy",
            "description": "A test policy",
            "id": "arn:aws:iam::214138175513:policy/lambda-parser-policy",
            "name": "lambda-parser-policy",
            "name_prefix": null,
            "path": "/",
            "policy": "{\"Statement\":[{\"Action\":[\"logs:PutLogEvents\",\"logs:CreateLogGroup\",\"logs:CreateLogStream\"],\"Effect\":\"Allow\",\"Resource\":\"arn:aws:logs:*:*:*\"},{\"Action\":[\"s3:GetObject\"],\"Effect\":\"Allow\",\"Resource\":\"arn:aws:s3:::haidi-ki-s3/*\"},{\"Action\":[\"s3:PutObject\"],\"Effect\":\"Allow\",\"Resource\":\"arn:aws:s3:::haidi-ki-s3/*\"},{\"Action\":\"iam:PassRole\",\"Condition\":{\"StringEquals\":{\"iam:PassedToService\":\"lambda.amazonaws.com\"}},\"Effect\":\"Allow\",\"Resource\":\"*\"},{\"Action\":\"lambda:*\",\"Effect\":\"Allow\",\"Resource\":\"*\"}],\"Version\":\"2012-10-17\"}",
            "policy_id": "ANPATDW5BIAMS5P6YANWZ",
            "tags": null,
            "tags_all": {}
          },
          "sensitive_attributes": [],
          "private": "bnVsbA==",
          "dependencies": [
            "aws_s3_bucket.haidi-ki-s3"
          ]
        }
      ]
    },
    {
      "mode": "managed",
      "type": "aws_iam_role",
      "name": "ai-prediction_role",
      "provider": "provider[\"registry.terraform.io/hashicorp/aws\"]",
      "instances": [
        {
          "schema_version": 0,
          "attributes": {
            "arn": "arn:aws:iam::214138175513:role/lambda-ai-prediction-role",
            "assume_role_policy": "{\"Version\":\"2012-10-17\",\"Statement\":[{\"Sid\":\"\",\"Effect\":\"Allow\",\"Principal\":{\"Service\":\"lambda.amazonaws.com\"},\"Action\":\"sts:AssumeRole\"}]}",
            "create_date": "2022-02-02T18:22:05Z",
            "description": "",
            "force_detach_policies": false,
            "id": "lambda-ai-prediction-role",
            "inline_policy": [
              {
                "name": "AWSLambdaS3Execution",
                "policy": "{\"Statement\":[{\"Action\":[\"s3:GetObject\"],\"Effect\":\"Allow\",\"Resource\":\"arn:aws:s3:::*\"}],\"Version\":\"2012-10-17\"}"
              }
            ],
            "managed_policy_arns": [
              "arn:aws:iam::aws:policy/AmazonSageMakerFullAccess",
              "arn:aws:iam::aws:policy/service-role/AWSLambdaBasicExecutionRole"
            ],
            "max_session_duration": 3600,
            "name": "lambda-ai-prediction-role",
            "name_prefix": "",
            "path": "/",
            "permissions_boundary": null,
            "tags": null,
            "tags_all": {},
            "unique_id": "AROATDW5BIAMR6MEKJJ7F"
          },
          "sensitive_attributes": [],
          "private": "bnVsbA=="
        }
      ]
    },
    {
      "mode": "managed",
      "type": "aws_iam_role",
      "name": "haidi-iam-role",
      "provider": "provider[\"registry.terraform.io/hashicorp/aws\"]",
      "instances": [
        {
          "schema_version": 0,
          "attributes": {
            "arn": "arn:aws:iam::214138175513:role/haidi-iam-role",
            "assume_role_policy": "{\"Version\":\"2012-10-17\",\"Statement\":[{\"Sid\":\"\",\"Effect\":\"Allow\",\"Principal\":{\"Service\":\"ec2.amazonaws.com\"},\"Action\":\"sts:AssumeRole\"}]}",
            "create_date": "2022-02-02T18:22:05Z",
            "description": "",
            "force_detach_policies": false,
            "id": "haidi-iam-role",
            "inline_policy": [
              {
                "name": "",
                "policy": ""
              }
            ],
            "managed_policy_arns": [],
            "max_session_duration": 3600,
            "name": "haidi-iam-role",
            "name_prefix": "",
            "path": "/",
            "permissions_boundary": null,
            "tags": null,
            "tags_all": {},
            "unique_id": "AROATDW5BIAM4GTQBBERZ"
          },
          "sensitive_attributes": [],
          "private": "bnVsbA=="
        }
      ]
    },
    {
      "mode": "managed",
      "type": "aws_iam_role",
      "name": "parser_role",
      "provider": "provider[\"registry.terraform.io/hashicorp/aws\"]",
      "instances": [
        {
          "schema_version": 0,
          "attributes": {
            "arn": "arn:aws:iam::214138175513:role/lambda-parser-role",
            "assume_role_policy": "{\"Version\":\"2012-10-17\",\"Statement\":[{\"Sid\":\"\",\"Effect\":\"Allow\",\"Principal\":{\"Service\":\"lambda.amazonaws.com\"},\"Action\":\"sts:AssumeRole\"}]}",
            "create_date": "2022-02-02T18:22:05Z",
            "description": "",
            "force_detach_policies": false,
            "id": "lambda-parser-role",
            "inline_policy": [
              {
                "name": "",
                "policy": ""
              }
            ],
            "managed_policy_arns": [],
            "max_session_duration": 3600,
            "name": "lambda-parser-role",
            "name_prefix": "",
            "path": "/",
            "permissions_boundary": null,
            "tags": null,
            "tags_all": {},
            "unique_id": "AROATDW5BIAMS3RSCR5WQ"
          },
          "sensitive_attributes": [],
          "private": "bnVsbA=="
        }
      ]
    },
    {
      "mode": "managed",
      "type": "aws_iam_role_policy_attachment",
      "name": "haidi-iam-role-lambda-attachement",
      "provider": "provider[\"registry.terraform.io/hashicorp/aws\"]",
      "instances": [
        {
          "schema_version": 0,
          "attributes": {
            "id": "haidi-iam-role-20220202182208053300000002",
            "policy_arn": "arn:aws:iam::aws:policy/AWSLambda_FullAccess",
            "role": "haidi-iam-role"
          },
          "sensitive_attributes": [],
          "private": "bnVsbA==",
          "dependencies": [
            "aws_iam_role.haidi-iam-role"
          ]
        }
      ]
    },
    {
      "mode": "managed",
      "type": "aws_iam_role_policy_attachment",
      "name": "haidi-iam-role-s3-attachement",
      "provider": "provider[\"registry.terraform.io/hashicorp/aws\"]",
      "instances": [
        {
          "schema_version": 0,
          "attributes": {
            "id": "haidi-iam-role-20220202182208423600000003",
            "policy_arn": "arn:aws:iam::aws:policy/AmazonS3FullAccess",
            "role": "haidi-iam-role"
          },
          "sensitive_attributes": [],
          "private": "bnVsbA==",
          "dependencies": [
            "aws_iam_role.haidi-iam-role"
          ]
        }
      ]
    },
    {
      "mode": "managed",
      "type": "aws_iam_role_policy_attachment",
      "name": "parser-policy-attach",
      "provider": "provider[\"registry.terraform.io/hashicorp/aws\"]",
      "instances": [
        {
          "schema_version": 0,
          "attributes": {
            "id": "lambda-parser-role-20220202182208053200000001",
            "policy_arn": "arn:aws:iam::214138175513:policy/lambda-parser-policy",
            "role": "lambda-parser-role"
          },
          "sensitive_attributes": [],
          "private": "bnVsbA==",
          "dependencies": [
            "aws_iam_policy.parser_policy",
            "aws_iam_role.parser_role",
            "aws_s3_bucket.haidi-ki-s3"
          ]
        }
      ]
    },
    {
      "mode": "managed",
      "type": "aws_instance",
      "name": "haidi-backend-instance",
      "provider": "provider[\"registry.terraform.io/hashicorp/aws\"]",
      "instances": [
        {
          "schema_version": 1,
          "attributes": {
            "ami": "ami-0877f03d05e19b075",
            "arn": "arn:aws:ec2:eu-central-1:214138175513:instance/i-07500660d575c8a40",
            "associate_public_ip_address": false,
            "availability_zone": "eu-central-1b",
            "capacity_reservation_specification": [
              {
                "capacity_reservation_preference": "open",
                "capacity_reservation_target": []
              }
            ],
            "cpu_core_count": 1,
            "cpu_threads_per_core": 1,
            "credit_specification": [
              {
                "cpu_credits": "standard"
              }
            ],
            "disable_api_termination": false,
            "ebs_block_device": [],
            "ebs_optimized": false,
            "enclave_options": [
              {
                "enabled": false
              }
            ],
            "ephemeral_block_device": [],
            "get_password_data": false,
            "hibernation": false,
            "host_id": null,
            "iam_instance_profile": "haidi-instance-profile",
            "id": "i-07500660d575c8a40",
            "instance_initiated_shutdown_behavior": "stop",
            "instance_state": "running",
            "instance_type": "t2.micro",
            "ipv6_address_count": 0,
            "ipv6_addresses": [],
            "key_name": "haidi-key-par-backend",
            "launch_template": [],
            "metadata_options": [
              {
                "http_endpoint": "enabled",
                "http_put_response_hop_limit": 1,
                "http_tokens": "optional",
                "instance_metadata_tags": "disabled"
              }
            ],
            "monitoring": false,
            "network_interface": [],
            "outpost_arn": "",
            "password_data": "",
            "placement_group": "",
            "placement_partition_number": null,
            "primary_network_interface_id": "eni-001a56ebfc41b1aa1",
            "private_dns": "ip-10-0-0-192.eu-central-1.compute.internal",
            "private_ip": "10.0.0.192",
            "public_dns": "",
            "public_ip": "",
            "root_block_device": [
              {
                "delete_on_termination": true,
                "device_name": "/dev/sda1",
                "encrypted": false,
                "iops": 100,
                "kms_key_id": "",
                "tags": {},
                "throughput": 0,
                "volume_id": "vol-025f622e4ff2b29f6",
                "volume_size": 8,
                "volume_type": "gp2"
              }
            ],
            "secondary_private_ips": [],
            "security_groups": [
              "sg-033d9ad6320ed7ce8"
            ],
            "source_dest_check": true,
            "subnet_id": "subnet-0409154b521451ada",
            "tags": {
              "Name": "haidi-backend-instance"
            },
            "tags_all": {
              "Name": "haidi-backend-instance"
            },
            "tenancy": "default",
            "timeouts": null,
            "user_data": null,
            "user_data_base64": null,
            "volume_tags": null,
            "vpc_security_group_ids": [
              "sg-033d9ad6320ed7ce8"
            ]
          },
          "sensitive_attributes": [],
          "private": "eyJlMmJmYjczMC1lY2FhLTExZTYtOGY4OC0zNDM2M2JjN2M0YzAiOnsiY3JlYXRlIjo2MDAwMDAwMDAwMDAsImRlbGV0ZSI6MTIwMDAwMDAwMDAwMCwidXBkYXRlIjo2MDAwMDAwMDAwMDB9LCJzY2hlbWFfdmVyc2lvbiI6IjEifQ==",
          "dependencies": [
            "aws_iam_instance_profile.haidi-instance-profile",
            "aws_iam_role.haidi-iam-role",
            "aws_key_pair.deployer",
            "aws_security_group.haidi-sg",
            "aws_subnet.haidi-sn-dmz",
            "aws_vpc.haidi-vpc",
            "data.aws_ami.haidi-linux-ami",
            "module.myip.data.http.ip_address"
          ]
        }
      ]
    },
    {
      "mode": "managed",
      "type": "aws_internet_gateway",
      "name": "haidi-igw",
      "provider": "provider[\"registry.terraform.io/hashicorp/aws\"]",
      "instances": [
        {
          "schema_version": 0,
          "attributes": {
            "arn": "arn:aws:ec2:eu-central-1:214138175513:internet-gateway/igw-0a7806d6c8c32b227",
            "id": "igw-0a7806d6c8c32b227",
            "owner_id": "214138175513",
            "tags": {
              "Name": "haidi-igw"
            },
            "tags_all": {
              "Name": "haidi-igw"
            },
            "vpc_id": "vpc-002a5ec6001bf7a8f"
          },
          "sensitive_attributes": [],
          "private": "bnVsbA==",
          "dependencies": [
            "aws_vpc.haidi-vpc"
          ]
        }
      ]
    },
    {
      "mode": "managed",
      "type": "aws_key_pair",
      "name": "deployer",
      "provider": "provider[\"registry.terraform.io/hashicorp/aws\"]",
      "instances": [
        {
          "schema_version": 1,
          "attributes": {
            "arn": "arn:aws:ec2:eu-central-1:214138175513:key-pair/haidi-key-par-backend",
            "fingerprint": "55:6b:b9:78:a7:14:64:11:52:ad:40:e0:7e:35:36:7a",
            "id": "haidi-key-par-backend",
            "key_name": "haidi-key-par-backend",
            "key_name_prefix": "",
            "key_pair_id": "key-0a16db6f80fe556c6",
            "public_key": "ssh-rsa AAAAB3NzaC1yc2EAAAADAQABAAABAQCKs5Sm2KTXh2X+0Fancz9qPBcre+iGJvHpnmD1D8aHCSjj/9cLv/zn7dTuSFW61a9cCLgwhZFv09Ngyry9Imm9Yx+55XFO95sdlUPMY6AofnRMad/HmjxOS6XpZdPEv0pAEdy1o1FRFF1Z0vj5Jb4NVvOnQJah4ECnoxaG5qUnCahkOLRZjef9K6SuTK2CbXtT99EKfB7GsgDAoz/qTV9EY4Ycey9XrlTPnqIcrZZSbvhByxFUGGdGh0phUVGPLBEMI/CkYky0gBAp4/n0K2R8g5MIGgyduMUHhjL2Or4i/qWeK0G/TqSnM2RbC4b0Hd0LeqI3piEnFX6ewRSTe/CF",
            "tags": {
              "Name": "haidi-key-pair"
            },
            "tags_all": {
              "Name": "haidi-key-pair"
            }
          },
          "sensitive_attributes": [],
          "private": "eyJzY2hlbWFfdmVyc2lvbiI6IjEifQ=="
        }
      ]
    },
    {
      "mode": "managed",
      "type": "aws_lambda_function",
      "name": "ai-lambda",
      "provider": "provider[\"registry.terraform.io/hashicorp/aws\"]",
      "instances": [
        {
          "schema_version": 0,
          "attributes": {
            "architectures": [
              "x86_64"
            ],
            "arn": "arn:aws:lambda:eu-central-1:214138175513:function:prediction-lambda",
            "code_signing_config_arn": "",
            "dead_letter_config": [],
            "description": "",
            "environment": [
              {
                "variables": {
                  "foo": "bar"
                }
              }
            ],
            "file_system_config": [],
            "filename": "../lambdas/ai-prediction.py.zip",
            "function_name": "prediction-lambda",
            "handler": "ai-prediction.lambda_handler",
            "id": "prediction-lambda",
            "image_config": [],
            "image_uri": "",
            "invoke_arn": "arn:aws:apigateway:eu-central-1:lambda:path/2015-03-31/functions/arn:aws:lambda:eu-central-1:214138175513:function:prediction-lambda/invocations",
            "kms_key_arn": "",
            "last_modified": "2022-02-02T18:22:23.359+0000",
            "layers": [
              "arn:aws:lambda:eu-central-1:214138175513:layer:pandas3_8:5"
            ],
            "memory_size": 128,
            "package_type": "Zip",
            "publish": false,
            "qualified_arn": "arn:aws:lambda:eu-central-1:214138175513:function:prediction-lambda:$LATEST",
            "reserved_concurrent_executions": -1,
            "role": "arn:aws:iam::214138175513:role/lambda-ai-prediction-role",
            "runtime": "python3.8",
            "s3_bucket": null,
            "s3_key": null,
            "s3_object_version": null,
            "signing_job_arn": "",
            "signing_profile_version_arn": "",
            "source_code_hash": "dii603ujkYEf1e19mmxoFAVs0CPjD806y9LrEdpHk3g=",
            "source_code_size": 1703,
            "tags": null,
            "tags_all": {},
            "timeout": 3,
            "timeouts": null,
            "tracing_config": [
              {
                "mode": "PassThrough"
              }
            ],
            "version": "$LATEST",
            "vpc_config": []
          },
          "sensitive_attributes": [],
          "private": "eyJlMmJmYjczMC1lY2FhLTExZTYtOGY4OC0zNDM2M2JjN2M0YzAiOnsiY3JlYXRlIjo2MDAwMDAwMDAwMDB9fQ==",
          "dependencies": [
            "aws_iam_role.ai-prediction_role",
            "aws_lambda_layer_version.lambda-layer"
          ]
        }
      ]
    },
    {
      "mode": "managed",
      "type": "aws_lambda_function",
      "name": "parser-lambda",
      "provider": "provider[\"registry.terraform.io/hashicorp/aws\"]",
      "instances": [
        {
          "schema_version": 0,
          "attributes": {
            "architectures": [
              "x86_64"
            ],
            "arn": "arn:aws:lambda:eu-central-1:214138175513:function:parser-lambda",
            "code_signing_config_arn": "",
            "dead_letter_config": [],
            "description": "",
            "environment": [
              {
                "variables": {
                  "foo": "bar"
                }
              }
            ],
            "file_system_config": [],
            "filename": "../lambdas/parser.py.zip",
            "function_name": "parser-lambda",
            "handler": "parser.lambda_handler",
            "id": "parser-lambda",
            "image_config": [],
            "image_uri": "",
            "invoke_arn": "arn:aws:apigateway:eu-central-1:lambda:path/2015-03-31/functions/arn:aws:lambda:eu-central-1:214138175513:function:parser-lambda/invocations",
            "kms_key_arn": "",
            "last_modified": "2022-02-02T18:22:32.928+0000",
            "layers": [
              "arn:aws:lambda:eu-central-1:214138175513:layer:pandas3_8:5",
              "arn:aws:lambda:eu-central-1:214138175513:layer:requests3_8:12"
            ],
            "memory_size": 128,
            "package_type": "Zip",
            "publish": false,
            "qualified_arn": "arn:aws:lambda:eu-central-1:214138175513:function:parser-lambda:$LATEST",
            "reserved_concurrent_executions": -1,
            "role": "arn:aws:iam::214138175513:role/lambda-parser-role",
            "runtime": "python3.8",
            "s3_bucket": null,
            "s3_key": null,
            "s3_object_version": null,
            "signing_job_arn": "",
            "signing_profile_version_arn": "",
            "source_code_hash": "D9Z0bmMa5NLWCJhrFJJc7EO3H+Y/VDRKIXYxefFsBow=",
            "source_code_size": 1198,
            "tags": null,
            "tags_all": {},
            "timeout": 3,
            "timeouts": null,
            "tracing_config": [
              {
                "mode": "PassThrough"
              }
            ],
            "version": "$LATEST",
            "vpc_config": []
          },
          "sensitive_attributes": [],
          "private": "eyJlMmJmYjczMC1lY2FhLTExZTYtOGY4OC0zNDM2M2JjN2M0YzAiOnsiY3JlYXRlIjo2MDAwMDAwMDAwMDB9fQ==",
          "dependencies": [
            "aws_iam_role.parser_role",
            "aws_lambda_layer_version.lambda-layer",
            "aws_lambda_layer_version.lambda-requests-layer"
          ]
        }
      ]
    },
    {
      "mode": "managed",
      "type": "aws_lambda_layer_version",
      "name": "lambda-layer",
      "provider": "provider[\"registry.terraform.io/hashicorp/aws\"]",
      "instances": [
        {
          "schema_version": 0,
          "attributes": {
            "arn": "arn:aws:lambda:eu-central-1:214138175513:layer:pandas3_8:5",
            "compatible_architectures": null,
            "compatible_runtimes": [
              "python3.8"
            ],
            "created_date": "2022-02-02T18:22:23.010+0000",
            "description": "Pandas lib for python3.8",
            "filename": "../lambdas/pandas_layer_v2.zip",
            "id": "arn:aws:lambda:eu-central-1:214138175513:layer:pandas3_8:5",
            "layer_arn": "arn:aws:lambda:eu-central-1:214138175513:layer:pandas3_8",
            "layer_name": "pandas3_8",
            "license_info": "",
            "s3_bucket": null,
            "s3_key": null,
            "s3_object_version": null,
            "signing_job_arn": "",
            "signing_profile_version_arn": "",
            "skip_destroy": false,
            "source_code_hash": "P+IQ6VRHfBhO7wEEuQrOY8Xscljf90j9I+MOe90XI3k=",
            "source_code_size": 28920741,
            "version": "5"
          },
          "sensitive_attributes": [],
          "private": "bnVsbA=="
        }
      ]
    },
    {
      "mode": "managed",
      "type": "aws_lambda_layer_version",
      "name": "lambda-requests-layer",
      "provider": "provider[\"registry.terraform.io/hashicorp/aws\"]",
      "instances": [
        {
          "schema_version": 0,
          "attributes": {
            "arn": "arn:aws:lambda:eu-central-1:214138175513:layer:requests3_8:12",
            "compatible_architectures": null,
            "compatible_runtimes": [
              "python3.8"
            ],
            "created_date": "2022-02-02T18:22:25.068+0000",
            "description": "Requests lib for HTTP",
            "filename": "../lambdas/requests_layer.zip",
            "id": "arn:aws:lambda:eu-central-1:214138175513:layer:requests3_8:12",
            "layer_arn": "arn:aws:lambda:eu-central-1:214138175513:layer:requests3_8",
            "layer_name": "requests3_8",
            "license_info": "",
            "s3_bucket": null,
            "s3_key": null,
            "s3_object_version": null,
            "signing_job_arn": "",
            "signing_profile_version_arn": "",
            "skip_destroy": false,
            "source_code_hash": "Ci3i8wb/yIvRkPpYxK3tQ4Oux3BUIoOfGNEX6VE3ESE=",
            "source_code_size": 792274,
            "version": "12"
          },
          "sensitive_attributes": [],
          "private": "bnVsbA=="
        }
      ]
    },
    {
      "mode": "managed",
      "type": "aws_lambda_permission",
      "name": "allow_bucket_parser",
      "provider": "provider[\"registry.terraform.io/hashicorp/aws\"]",
      "instances": [
        {
          "schema_version": 0,
          "attributes": {
            "action": "lambda:InvokeFunction",
            "event_source_token": null,
            "function_name": "arn:aws:lambda:eu-central-1:214138175513:function:parser-lambda",
            "id": "AllowExecutionFromS3Bucket",
            "principal": "s3.amazonaws.com",
            "qualifier": "",
            "source_account": null,
            "source_arn": "arn:aws:s3:::haidi-ki-s3",
            "statement_id": "AllowExecutionFromS3Bucket",
            "statement_id_prefix": null
          },
          "sensitive_attributes": [],
          "private": "bnVsbA==",
          "dependencies": [
            "aws_iam_role.parser_role",
            "aws_lambda_function.parser-lambda",
            "aws_lambda_layer_version.lambda-layer",
            "aws_lambda_layer_version.lambda-requests-layer",
            "aws_s3_bucket.haidi-ki-s3"
          ]
        }
      ]
    },
    {
      "mode": "managed",
      "type": "aws_route_table",
      "name": "haidi-rt",
      "provider": "provider[\"registry.terraform.io/hashicorp/aws\"]",
      "instances": [
        {
          "schema_version": 0,
          "attributes": {
            "arn": "arn:aws:ec2:eu-central-1:214138175513:route-table/rtb-05b582d858af12ca3",
            "id": "rtb-05b582d858af12ca3",
            "owner_id": "214138175513",
            "propagating_vgws": [],
            "route": [
              {
                "carrier_gateway_id": "",
                "cidr_block": "0.0.0.0/0",
                "destination_prefix_list_id": "",
                "egress_only_gateway_id": "",
                "gateway_id": "igw-0a7806d6c8c32b227",
                "instance_id": "",
                "ipv6_cidr_block": "",
                "local_gateway_id": "",
                "nat_gateway_id": "",
                "network_interface_id": "",
                "transit_gateway_id": "",
                "vpc_endpoint_id": "",
                "vpc_peering_connection_id": ""
              }
            ],
            "tags": {
              "Name": "haidi-rt"
            },
            "tags_all": {
              "Name": "haidi-rt"
            },
            "timeouts": null,
            "vpc_id": "vpc-002a5ec6001bf7a8f"
          },
          "sensitive_attributes": [],
          "private": "eyJlMmJmYjczMC1lY2FhLTExZTYtOGY4OC0zNDM2M2JjN2M0YzAiOnsiY3JlYXRlIjozMDAwMDAwMDAwMDAsImRlbGV0ZSI6MzAwMDAwMDAwMDAwLCJ1cGRhdGUiOjEyMDAwMDAwMDAwMH19",
          "dependencies": [
            "aws_internet_gateway.haidi-igw",
            "aws_vpc.haidi-vpc"
          ]
        }
      ]
    },
    {
      "mode": "managed",
      "type": "aws_route_table_association",
      "name": "haidi-rt-association",
      "provider": "provider[\"registry.terraform.io/hashicorp/aws\"]",
      "instances": [
        {
          "schema_version": 0,
          "attributes": {
            "gateway_id": "",
            "id": "rtbassoc-0bb592600b864fecd",
            "route_table_id": "rtb-05b582d858af12ca3",
            "subnet_id": "subnet-0409154b521451ada"
          },
          "sensitive_attributes": [],
          "private": "bnVsbA==",
          "dependencies": [
            "aws_internet_gateway.haidi-igw",
            "aws_route_table.haidi-rt",
            "aws_subnet.haidi-sn-dmz",
            "aws_vpc.haidi-vpc"
          ]
        }
      ]
    },
    {
      "mode": "managed",
      "type": "aws_s3_bucket",
      "name": "haidi-frontend-s3",
      "provider": "provider[\"registry.terraform.io/hashicorp/aws\"]",
      "instances": [
        {
          "schema_version": 0,
          "attributes": {
            "acceleration_status": "",
            "acl": "public-read",
            "arn": "arn:aws:s3:::haidi-frontend-s3",
            "bucket": "haidi-frontend-s3",
            "bucket_domain_name": "haidi-frontend-s3.s3.amazonaws.com",
            "bucket_prefix": null,
            "bucket_regional_domain_name": "haidi-frontend-s3.s3.eu-central-1.amazonaws.com",
            "cors_rule": [],
            "force_destroy": true,
            "grant": [],
            "hosted_zone_id": "Z21DNDUVLTQW6Q",
            "id": "haidi-frontend-s3",
            "lifecycle_rule": [],
            "logging": [],
            "object_lock_configuration": [],
            "policy": "{\"Statement\":[{\"Action\":[\"s3:GetObject\"],\"Effect\":\"Allow\",\"Principal\":\"*\",\"Resource\":[\"arn:aws:s3:::haidi-frontend-s3/*\"],\"Sid\":\"PublicReadGetObject\"}],\"Version\":\"2012-10-17\"}",
            "region": "eu-central-1",
            "replication_configuration": [],
            "request_payer": "BucketOwner",
            "server_side_encryption_configuration": [],
            "tags": {
              "Environment": "Dev",
              "Name": "haidi-frontend-s3"
            },
            "tags_all": {
              "Environment": "Dev",
              "Name": "haidi-frontend-s3"
            },
            "versioning": [
              {
                "enabled": false,
                "mfa_delete": false
              }
            ],
            "website": [
              {
                "error_document": "error.html",
                "index_document": "index.html",
                "redirect_all_requests_to": "",
                "routing_rules": ""
              }
            ],
            "website_domain": "s3-website.eu-central-1.amazonaws.com",
            "website_endpoint": "haidi-frontend-s3.s3-website.eu-central-1.amazonaws.com"
          },
          "sensitive_attributes": [],
          "private": "bnVsbA==",
          "dependencies": [
            "aws_eip.haidi-backend-eip",
            "aws_iam_instance_profile.haidi-instance-profile",
            "aws_iam_role.haidi-iam-role",
            "aws_instance.haidi-backend-instance",
            "aws_key_pair.deployer",
            "aws_security_group.haidi-sg",
            "aws_subnet.haidi-sn-dmz",
            "aws_vpc.haidi-vpc",
            "data.aws_ami.haidi-linux-ami",
            "module.myip.data.http.ip_address"
          ]
        }
      ]
    },
    {
      "mode": "managed",
      "type": "aws_s3_bucket",
      "name": "haidi-ki-s3",
      "provider": "provider[\"registry.terraform.io/hashicorp/aws\"]",
      "instances": [
        {
          "schema_version": 0,
          "attributes": {
            "acceleration_status": "",
            "acl": "private",
            "arn": "arn:aws:s3:::haidi-ki-s3",
            "bucket": "haidi-ki-s3",
            "bucket_domain_name": "haidi-ki-s3.s3.amazonaws.com",
            "bucket_prefix": null,
            "bucket_regional_domain_name": "haidi-ki-s3.s3.eu-central-1.amazonaws.com",
            "cors_rule": [],
            "force_destroy": false,
            "grant": [],
            "hosted_zone_id": "Z21DNDUVLTQW6Q",
            "id": "haidi-ki-s3",
            "lifecycle_rule": [],
            "logging": [],
            "object_lock_configuration": [],
            "policy": null,
            "region": "eu-central-1",
            "replication_configuration": [],
            "request_payer": "BucketOwner",
            "server_side_encryption_configuration": [],
            "tags": {
              "Environment": "Dev",
              "Name": "haidi-ki-s3"
            },
            "tags_all": {
              "Environment": "Dev",
              "Name": "haidi-ki-s3"
            },
            "versioning": [
              {
                "enabled": false,
                "mfa_delete": false
              }
            ],
            "website": [],
            "website_domain": "",
            "website_endpoint": ""
          },
          "sensitive_attributes": [],
          "private": "bnVsbA=="
        }
      ]
    },
    {
      "mode": "managed",
      "type": "aws_s3_bucket_notification",
      "name": "bucket_notification",
      "provider": "provider[\"registry.terraform.io/hashicorp/aws\"]",
      "instances": [
        {
          "schema_version": 0,
          "attributes": {
            "bucket": "haidi-ki-s3",
            "id": "haidi-ki-s3",
            "lambda_function": [
              {
                "events": [
                  "s3:ObjectCreated:*"
                ],
                "filter_prefix": "input/",
                "filter_suffix": ".json",
                "id": "tf-s3-lambda-20220202182245163300000004",
                "lambda_function_arn": "arn:aws:lambda:eu-central-1:214138175513:function:parser-lambda"
              }
            ],
            "queue": [],
            "topic": []
          },
          "sensitive_attributes": [],
          "private": "bnVsbA==",
          "dependencies": [
            "aws_iam_role.parser_role",
            "aws_lambda_function.parser-lambda",
            "aws_lambda_layer_version.lambda-layer",
            "aws_lambda_layer_version.lambda-requests-layer",
            "aws_lambda_permission.allow_bucket_parser",
            "aws_s3_bucket.haidi-ki-s3"
          ]
        }
      ]
    },
    {
      "mode": "managed",
      "type": "aws_security_group",
      "name": "haidi-sg",
      "provider": "provider[\"registry.terraform.io/hashicorp/aws\"]",
      "instances": [
        {
          "schema_version": 1,
          "attributes": {
            "arn": "arn:aws:ec2:eu-central-1:214138175513:security-group/sg-033d9ad6320ed7ce8",
            "description": "Allow inbound traffic",
            "egress": [
              {
                "cidr_blocks": [
                  "0.0.0.0/0"
                ],
                "description": "",
                "from_port": 0,
                "ipv6_cidr_blocks": [
                  "::/0"
                ],
                "prefix_list_ids": [],
                "protocol": "-1",
                "security_groups": [],
                "self": false,
                "to_port": 0
              }
            ],
            "id": "sg-033d9ad6320ed7ce8",
            "ingress": [
              {
                "cidr_blocks": [
                  "0.0.0.0/0"
                ],
                "description": "Backend from VPC",
                "from_port": 3333,
                "ipv6_cidr_blocks": [],
                "prefix_list_ids": [],
                "protocol": "tcp",
                "security_groups": [],
                "self": false,
                "to_port": 3333
              },
              {
                "cidr_blocks": [
                  "95.112.75.188/32"
                ],
                "description": "SSH from VPC",
                "from_port": 22,
                "ipv6_cidr_blocks": [],
                "prefix_list_ids": [],
                "protocol": "tcp",
                "security_groups": [],
                "self": false,
                "to_port": 22
              }
            ],
            "name": "haidi-sg",
            "name_prefix": "",
            "owner_id": "214138175513",
            "revoke_rules_on_delete": false,
            "tags": {
              "Name": "haidi-sg"
            },
            "tags_all": {
              "Name": "haidi-sg"
            },
            "timeouts": null,
            "vpc_id": "vpc-002a5ec6001bf7a8f"
          },
          "sensitive_attributes": [],
          "private": "eyJlMmJmYjczMC1lY2FhLTExZTYtOGY4OC0zNDM2M2JjN2M0YzAiOnsiY3JlYXRlIjo2MDAwMDAwMDAwMDAsImRlbGV0ZSI6OTAwMDAwMDAwMDAwfSwic2NoZW1hX3ZlcnNpb24iOiIxIn0=",
          "dependencies": [
            "aws_vpc.haidi-vpc",
            "module.myip.data.http.ip_address"
          ]
        }
      ]
    },
    {
      "mode": "managed",
      "type": "aws_subnet",
      "name": "haidi-sn-dmz",
      "provider": "provider[\"registry.terraform.io/hashicorp/aws\"]",
      "instances": [
        {
          "schema_version": 1,
          "attributes": {
            "arn": "arn:aws:ec2:eu-central-1:214138175513:subnet/subnet-0409154b521451ada",
            "assign_ipv6_address_on_creation": false,
            "availability_zone": "eu-central-1b",
            "availability_zone_id": "euc1-az3",
            "cidr_block": "10.0.0.0/24",
            "customer_owned_ipv4_pool": "",
            "enable_dns64": false,
            "enable_resource_name_dns_a_record_on_launch": false,
            "enable_resource_name_dns_aaaa_record_on_launch": false,
            "id": "subnet-0409154b521451ada",
            "ipv6_cidr_block": "",
            "ipv6_cidr_block_association_id": "",
            "ipv6_native": false,
            "map_customer_owned_ip_on_launch": false,
            "map_public_ip_on_launch": false,
            "outpost_arn": "",
            "owner_id": "214138175513",
            "private_dns_hostname_type_on_launch": "ip-name",
            "tags": {
              "Name": "haidi-sn-dmz"
            },
            "tags_all": {
              "Name": "haidi-sn-dmz"
            },
            "timeouts": null,
            "vpc_id": "vpc-002a5ec6001bf7a8f"
          },
          "sensitive_attributes": [],
          "private": "eyJlMmJmYjczMC1lY2FhLTExZTYtOGY4OC0zNDM2M2JjN2M0YzAiOnsiY3JlYXRlIjo2MDAwMDAwMDAwMDAsImRlbGV0ZSI6MTIwMDAwMDAwMDAwMH0sInNjaGVtYV92ZXJzaW9uIjoiMSJ9",
          "dependencies": [
            "aws_vpc.haidi-vpc"
          ]
        }
      ]
    },
    {
      "mode": "managed",
      "type": "aws_vpc",
      "name": "haidi-vpc",
      "provider": "provider[\"registry.terraform.io/hashicorp/aws\"]",
      "instances": [
        {
          "schema_version": 1,
          "attributes": {
            "arn": "arn:aws:ec2:eu-central-1:214138175513:vpc/vpc-002a5ec6001bf7a8f",
            "assign_generated_ipv6_cidr_block": false,
            "cidr_block": "10.0.0.0/24",
            "default_network_acl_id": "acl-05ebd98d885a9cd34",
            "default_route_table_id": "rtb-0103fae5e6cd861cd",
            "default_security_group_id": "sg-0fde3092256d469a6",
            "dhcp_options_id": "dopt-05c94b863e819a39c",
            "enable_classiclink": null,
            "enable_classiclink_dns_support": null,
            "enable_dns_hostnames": false,
            "enable_dns_support": true,
            "id": "vpc-002a5ec6001bf7a8f",
            "instance_tenancy": "default",
            "ipv4_ipam_pool_id": null,
            "ipv4_netmask_length": null,
            "ipv6_association_id": "",
            "ipv6_cidr_block": "",
            "ipv6_cidr_block_network_border_group": null,
            "ipv6_ipam_pool_id": null,
            "ipv6_netmask_length": null,
            "main_route_table_id": "rtb-0103fae5e6cd861cd",
            "owner_id": "214138175513",
            "tags": {
              "Name": "haidi-vpc"
            },
            "tags_all": {
              "Name": "haidi-vpc"
            }
          },
          "sensitive_attributes": [],
          "private": "eyJzY2hlbWFfdmVyc2lvbiI6IjEifQ=="
        }
      ]
    },
    {
      "module": "module.myip",
      "mode": "data",
      "type": "http",
      "name": "ip_address",
      "provider": "provider[\"registry.terraform.io/hashicorp/http\"]",
      "instances": [
        {
          "schema_version": 0,
          "attributes": {
            "body": "95.112.75.188",
            "id": "https://api.ipify.org",
            "request_headers": {
              "Accept": "text/plain"
            },
            "response_headers": {
              "Connection": "keep-alive",
              "Content-Length": "13",
              "Content-Type": "text/plain",
              "Date": "Wed, 02 Feb 2022 18:21:57 GMT",
              "Server": "Cowboy",
              "Vary": "Origin",
              "Via": "1.1 vegur"
            },
            "url": "https://api.ipify.org"
          },
          "sensitive_attributes": []
        }
      ]
    }
  ]
}
